<?xml version="1.0" encoding="utf-8"?>
<Project ToolsVersion="4.0" xmlns="http://schemas.microsoft.com/developer/msbuild/2003">
  <ItemGroup>
    <Filter Include="소스 파일">
      <UniqueIdentifier>{4FC737F1-C7A5-4376-A066-2A32D752A2FF}</UniqueIdentifier>
      <Extensions>cpp;c;cc;cxx;c++;cppm;ixx;def;odl;idl;hpj;bat;asm;asmx</Extensions>
    </Filter>
    <Filter Include="헤더 파일">
      <UniqueIdentifier>{93995380-89BD-4b04-88EB-625FBE52EBFB}</UniqueIdentifier>
      <Extensions>h;hh;hpp;hxx;h++;hm;inl;inc;ipp;xsd</Extensions>
    </Filter>
    <Filter Include="리소스 파일">
      <UniqueIdentifier>{67DA6AB6-F800-4c08-8B7A-83BB121AAD01}</UniqueIdentifier>
      <Extensions>rc;ico;cur;bmp;dlg;rc2;rct;bin;rgs;gif;jpg;jpeg;jpe;resx;tiff;tif;png;wav;mfcribbon-ms</Extensions>
    </Filter>
  </ItemGroup>
  <ItemGroup>
    <ClCompile Include="main.cpp">
      <Filter>소스 파일</Filter>
    </ClCompile>
    <ClCompile Include="SFML_Framework\DataTable\DataTable.cpp">
      <Filter>소스 파일</Filter>
    </ClCompile>
    <ClCompile Include="SFML_Framework\DataTable\DataTableMgr.cpp">
      <Filter>소스 파일</Filter>
    </ClCompile>
    <ClCompile Include="SFML_Framework\DataTable\StringTable.cpp">
      <Filter>소스 파일</Filter>
    </ClCompile>
    <ClCompile Include="SFML_Framework\Framework\AnimationClip.cpp">
      <Filter>소스 파일</Filter>
    </ClCompile>
    <ClCompile Include="SFML_Framework\Framework\ConsoleLogger.cpp">
      <Filter>소스 파일</Filter>
    </ClCompile>
    <ClCompile Include="SFML_Framework\Framework\Framework.cpp">
      <Filter>소스 파일</Filter>
    </ClCompile>
    <ClCompile Include="SFML_Framework\Framework\InputMgr.cpp">
      <Filter>소스 파일</Filter>
    </ClCompile>
    <ClCompile Include="SFML_Framework\Framework\ResourceMgr.cpp">
      <Filter>소스 파일</Filter>
    </ClCompile>
    <ClCompile Include="SFML_Framework\Framework\SoundMgr.cpp">
      <Filter>소스 파일</Filter>
    </ClCompile>
    <ClCompile Include="SFML_Framework\Framework\Utils.cpp">
      <Filter>소스 파일</Filter>
    </ClCompile>
    <ClCompile Include="SFML_Framework\GameObject\Object.cpp">
      <Filter>소스 파일</Filter>
    </ClCompile>
    <ClCompile Include="SFML_Framework\GameObject\SpriteObj.cpp">
      <Filter>소스 파일</Filter>
    </ClCompile>
    <ClCompile Include="SFML_Framework\GameObject\TextObj.cpp">
      <Filter>소스 파일</Filter>
    </ClCompile>
    <ClCompile Include="SFML_Framework\GameObject\VertexArrayObj.cpp">
      <Filter>소스 파일</Filter>
    </ClCompile>
    <ClCompile Include="SFML_Framework\Scenes\Scene.cpp">
      <Filter>소스 파일</Filter>
    </ClCompile>
    <ClCompile Include="SFML_Framework\Scenes\SceneMgr.cpp">
      <Filter>소스 파일</Filter>
    </ClCompile>
    <ClCompile Include="SFML_Framework\UI\UIMgr.cpp">
      <Filter>소스 파일</Filter>
    </ClCompile>
    <ClCompile Include="Scenes\BattleScene.cpp">
      <Filter>소스 파일</Filter>
    </ClCompile>
    <ClCompile Include="SRPGObjects\Player.cpp">
      <Filter>소스 파일</Filter>
    </ClCompile>
    <ClCompile Include="SRPGObjects\Minotaurs.cpp">
      <Filter>소스 파일</Filter>
    </ClCompile>
    <ClCompile Include="SFML_Framework\Framework\Animator.cpp">
      <Filter>소스 파일</Filter>
    </ClCompile>
    <ClCompile Include="SRPGObjects\Cat.cpp">
      <Filter>소스 파일</Filter>
    </ClCompile>
    <ClCompile Include="SRPGObjects\Squirrel.cpp">
      <Filter>소스 파일</Filter>
    </ClCompile>
    <ClCompile Include="SRPGObjects\Fox.cpp">
      <Filter>소스 파일</Filter>
    </ClCompile>
    <ClCompile Include="SFML_Framework\GameObject\RectangleObj.cpp">
      <Filter>소스 파일</Filter>
    </ClCompile>
    <ClCompile Include="SRPGObjects\OverlayTile.cpp">
      <Filter>소스 파일</Filter>
    </ClCompile>
  </ItemGroup>
  <ItemGroup>
    <ClInclude Include="SFML_Framework\3rd\OBB.h">
      <Filter>헤더 파일</Filter>
    </ClInclude>
    <ClInclude Include="SFML_Framework\3rd\ObjectPool.h">
      <Filter>헤더 파일</Filter>
    </ClInclude>
    <ClInclude Include="SFML_Framework\3rd\rapidcsv.h">
      <Filter>헤더 파일</Filter>
    </ClInclude>
    <ClInclude Include="SFML_Framework\3rd\SingleTon.h">
      <Filter>헤더 파일</Filter>
    </ClInclude>
    <ClInclude Include="SFML_Framework\DataTable\DataTable.h">
      <Filter>헤더 파일</Filter>
    </ClInclude>
    <ClInclude Include="SFML_Framework\DataTable\DataTableMgr.h">
      <Filter>헤더 파일</Filter>
    </ClInclude>
    <ClInclude Include="SFML_Framework\DataTable\StringTable.h">
      <Filter>헤더 파일</Filter>
    </ClInclude>
    <ClInclude Include="SFML_Framework\Framework\AnimationClip.h">
      <Filter>헤더 파일</Filter>
    </ClInclude>
    <ClInclude Include="SFML_Framework\Framework\Animator.h">
      <Filter>헤더 파일</Filter>
    </ClInclude>
    <ClInclude Include="SFML_Framework\Framework\ConsoleLogger.h">
      <Filter>헤더 파일</Filter>
    </ClInclude>
    <ClInclude Include="SFML_Framework\Framework\Framework.h">
      <Filter>헤더 파일</Filter>
    </ClInclude>
    <ClInclude Include="SFML_Framework\Framework\InputMgr.h">
      <Filter>헤더 파일</Filter>
    </ClInclude>
    <ClInclude Include="SFML_Framework\Framework\ResourceMgr.h">
      <Filter>헤더 파일</Filter>
    </ClInclude>
    <ClInclude Include="SFML_Framework\Framework\SoundMgr.h">
      <Filter>헤더 파일</Filter>
    </ClInclude>
    <ClInclude Include="SFML_Framework\Framework\Utils.h">
      <Filter>헤더 파일</Filter>
    </ClInclude>
    <ClInclude Include="SFML_Framework\GameObject\Object.h">
      <Filter>헤더 파일</Filter>
    </ClInclude>
    <ClInclude Include="SFML_Framework\GameObject\SpriteObj.h">
      <Filter>헤더 파일</Filter>
    </ClInclude>
    <ClInclude Include="SFML_Framework\GameObject\TextObj.h">
      <Filter>헤더 파일</Filter>
    </ClInclude>
    <ClInclude Include="SFML_Framework\GameObject\VertexArrayObj.h">
      <Filter>헤더 파일</Filter>
    </ClInclude>
    <ClInclude Include="SFML_Framework\Scenes\Scene.h">
      <Filter>헤더 파일</Filter>
    </ClInclude>
    <ClInclude Include="SFML_Framework\Scenes\SceneMgr.h">
      <Filter>헤더 파일</Filter>
    </ClInclude>
    <ClInclude Include="SFML_Framework\UI\UIMgr.h">
      <Filter>헤더 파일</Filter>
    </ClInclude>
    <ClInclude Include="SFML_Framework\Frameworks.h">
      <Filter>헤더 파일</Filter>
    </ClInclude>
    <ClInclude Include="Scenes\BattleScene.h">
      <Filter>헤더 파일</Filter>
    </ClInclude>
    <ClInclude Include="SRPGObjects\Player.h">
      <Filter>헤더 파일</Filter>
    </ClInclude>
    <ClInclude Include="SRPGObjects\Minotaurs.h">
      <Filter>헤더 파일</Filter>
    </ClInclude>
    <ClInclude Include="SFML_Framework\Framework\Animatable.h">
      <Filter>헤더 파일</Filter>
    </ClInclude>
    <ClInclude Include="SFML_Framework\3rd\CSVWriter.h">
      <Filter>헤더 파일</Filter>
    </ClInclude>
    <ClInclude Include="SRPGObjects\Cat.h">
      <Filter>헤더 파일</Filter>
    </ClInclude>
    <ClInclude Include="SRPGObjects\Squirrel.h">
      <Filter>헤더 파일</Filter>
    </ClInclude>
    <ClInclude Include="SRPGObjects\Fox.h">
      <Filter>헤더 파일</Filter>
    </ClInclude>
    <ClInclude Include="SFML_Framework\GameObject\RectangleObj.h">
      <Filter>헤더 파일</Filter>
    </ClInclude>
    <ClInclude Include="SRPGObjects\OverlayTile.h">
      <Filter>헤더 파일</Filter>
    </ClInclude>
    <ClInclude Include="SFML_Framework\3rd\Command.h">
      <Filter>헤더 파일</Filter>
    </ClInclude>
  </ItemGroup>
</Project>